
Microsoft Visual Studio Solution File, Format Version 12.00
# Visual Studio Version 17
VisualStudioVersion = 17.9.34902.65
MinimumVisualStudioVersion = 10.0.40219.1
Project("{8BC9CEB8-8B4A-11D0-8D11-00A0C91BC942}") = "MetalGearHardcoreCpp", "MetalGearHardcore.vcxproj", "{CFBE6DE8-8D04-4C26-B62C-02E4FB043220}"
EndProject
Project("{FAE04EC0-301F-11D3-BF4B-00C04F79EFBC}") = "MetalGearHardcoreC#", "MetalGearHardcoreC#\MetalGearHardcoreC#.csproj", "{16087C15-F0BC-42C9-8622-AD7605AAA006}"
EndProject
Project("{FAE04EC0-301F-11D3-BF4B-00C04F79EFBC}") = "MGS2TestHarness", "..\MGS2TestHarness\MGS2TestHarness.csproj", "{398B14C3-90E3-4D96-A77A-C6A16D121D67}"
EndProject
Global
	GlobalSection(SolutionConfigurationPlatforms) = preSolution
		Debug|Any CPU = Debug|Any CPU
		Debug|x64 = Debug|x64
		Debug|x86 = Debug|x86
		Release|Any CPU = Release|Any CPU
		Release|x64 = Release|x64
		Release|x86 = Release|x86
	EndGlobalSection
	GlobalSection(ProjectConfigurationPlatforms) = postSolution
		{CFBE6DE8-8D04-4C26-B62C-02E4FB043220}.Debug|Any CPU.ActiveCfg = Debug|x64
		{CFBE6DE8-8D04-4C26-B62C-02E4FB043220}.Debug|Any CPU.Build.0 = Debug|x64
		{CFBE6DE8-8D04-4C26-B62C-02E4FB043220}.Debug|x64.ActiveCfg = Debug|x64
		{CFBE6DE8-8D04-4C26-B62C-02E4FB043220}.Debug|x64.Build.0 = Debug|x64
		{CFBE6DE8-8D04-4C26-B62C-02E4FB043220}.Debug|x86.ActiveCfg = Debug|Win32
		{CFBE6DE8-8D04-4C26-B62C-02E4FB043220}.Debug|x86.Build.0 = Debug|Win32
		{CFBE6DE8-8D04-4C26-B62C-02E4FB043220}.Release|Any CPU.ActiveCfg = Release|x64
		{CFBE6DE8-8D04-4C26-B62C-02E4FB043220}.Release|Any CPU.Build.0 = Release|x64
		{CFBE6DE8-8D04-4C26-B62C-02E4FB043220}.Release|x64.ActiveCfg = Release|x64
		{CFBE6DE8-8D04-4C26-B62C-02E4FB043220}.Release|x64.Build.0 = Release|x64
		{CFBE6DE8-8D04-4C26-B62C-02E4FB043220}.Release|x86.ActiveCfg = Release|Win32
		{CFBE6DE8-8D04-4C26-B62C-02E4FB043220}.Release|x86.Build.0 = Release|Win32
		{16087C15-F0BC-42C9-8622-AD7605AAA006}.Debug|Any CPU.ActiveCfg = Debug|Any CPU
		{16087C15-F0BC-42C9-8622-AD7605AAA006}.Debug|Any CPU.Build.0 = Debug|Any CPU
		{16087C15-F0BC-42C9-8622-AD7605AAA006}.Debug|x64.ActiveCfg = Debug|x64
		{16087C15-F0BC-42C9-8622-AD7605AAA006}.Debug|x64.Build.0 = Debug|x64
		{16087C15-F0BC-42C9-8622-AD7605AAA006}.Debug|x86.ActiveCfg = Debug|Any CPU
		{16087C15-F0BC-42C9-8622-AD7605AAA006}.Debug|x86.Build.0 = Debug|Any CPU
		{16087C15-F0BC-42C9-8622-AD7605AAA006}.Release|Any CPU.ActiveCfg = Release|Any CPU
		{16087C15-F0BC-42C9-8622-AD7605AAA006}.Release|Any CPU.Build.0 = Release|Any CPU
		{16087C15-F0BC-42C9-8622-AD7605AAA006}.Release|x64.ActiveCfg = Release|Any CPU
		{16087C15-F0BC-42C9-8622-AD7605AAA006}.Release|x64.Build.0 = Release|Any CPU
		{16087C15-F0BC-42C9-8622-AD7605AAA006}.Release|x86.ActiveCfg = Release|Any CPU
		{16087C15-F0BC-42C9-8622-AD7605AAA006}.Release|x86.Build.0 = Release|Any CPU
		{398B14C3-90E3-4D96-A77A-C6A16D121D67}.Debug|Any CPU.ActiveCfg = Debug|Any CPU
		{398B14C3-90E3-4D96-A77A-C6A16D121D67}.Debug|Any CPU.Build.0 = Debug|Any CPU
		{398B14C3-90E3-4D96-A77A-C6A16D121D67}.Debug|x64.ActiveCfg = Debug|x64
		{398B14C3-90E3-4D96-A77A-C6A16D121D67}.Debug|x64.Build.0 = Debug|x64
		{398B14C3-90E3-4D96-A77A-C6A16D121D67}.Debug|x86.ActiveCfg = Debug|Any CPU
		{398B14C3-90E3-4D96-A77A-C6A16D121D67}.Debug|x86.Build.0 = Debug|Any CPU
		{398B14C3-90E3-4D96-A77A-C6A16D121D67}.Release|Any CPU.ActiveCfg = Release|Any CPU
		{398B14C3-90E3-4D96-A77A-C6A16D121D67}.Release|Any CPU.Build.0 = Release|Any CPU
		{398B14C3-90E3-4D96-A77A-C6A16D121D67}.Release|x64.ActiveCfg = Release|Any CPU
		{398B14C3-90E3-4D96-A77A-C6A16D121D67}.Release|x64.Build.0 = Release|Any CPU
		{398B14C3-90E3-4D96-A77A-C6A16D121D67}.Release|x86.ActiveCfg = Release|Any CPU
		{398B14C3-90E3-4D96-A77A-C6A16D121D67}.Release|x86.Build.0 = Release|Any CPU
	EndGlobalSection
	GlobalSection(SolutionProperties) = preSolution
		HideSolutionNode = FALSE
	EndGlobalSection
	GlobalSection(ExtensibilityGlobals) = postSolution
		SolutionGuid = {FC760FAE-B1B0-42FF-8778-6E204F69A5EF}
	EndGlobalSection
EndGlobal
