
Microsoft Visual Studio Solution File, Format Version 12.00
# Visual Studio Version 17
VisualStudioVersion = 17.9.34902.65
MinimumVisualStudioVersion = 10.0.40219.1
Project("{FAE04EC0-301F-11D3-BF4B-00C04F79EFBC}") = "MetalGearHardcore", "MetalGearHardcore\MetalGearHardcore.csproj", "{16087C15-F0BC-42C9-8622-AD7605AAA006}"
EndProject
Project("{9A19103F-16F7-4668-BE54-9A1E7A4F7556}") = "Launcher", "Launcher\Launcher.csproj", "{AFFBCC40-A96C-491A-A7A4-53E00E10C358}"
EndProject
Global
	GlobalSection(SolutionConfigurationPlatforms) = preSolution
		Debug|Any CPU = Debug|Any CPU
		Debug|x64 = Debug|x64
		Debug|x86 = Debug|x86
		Release|Any CPU = Release|Any CPU
		Release|x64 = Release|x64
		Release|x86 = Release|x86
	EndGlobalSection
	GlobalSection(ProjectConfigurationPlatforms) = postSolution
		{16087C15-F0BC-42C9-8622-AD7605AAA006}.Debug|Any CPU.ActiveCfg = Debug|Any CPU
		{16087C15-F0BC-42C9-8622-AD7605AAA006}.Debug|Any CPU.Build.0 = Debug|Any CPU
		{16087C15-F0BC-42C9-8622-AD7605AAA006}.Debug|x64.ActiveCfg = Debug|x64
		{16087C15-F0BC-42C9-8622-AD7605AAA006}.Debug|x64.Build.0 = Debug|x64
		{16087C15-F0BC-42C9-8622-AD7605AAA006}.Debug|x86.ActiveCfg = Debug|Any CPU
		{16087C15-F0BC-42C9-8622-AD7605AAA006}.Debug|x86.Build.0 = Debug|Any CPU
		{16087C15-F0BC-42C9-8622-AD7605AAA006}.Release|Any CPU.ActiveCfg = Release|Any CPU
		{16087C15-F0BC-42C9-8622-AD7605AAA006}.Release|Any CPU.Build.0 = Release|Any CPU
		{16087C15-F0BC-42C9-8622-AD7605AAA006}.Release|x64.ActiveCfg = Release|Any CPU
		{16087C15-F0BC-42C9-8622-AD7605AAA006}.Release|x64.Build.0 = Release|Any CPU
		{16087C15-F0BC-42C9-8622-AD7605AAA006}.Release|x86.ActiveCfg = Release|Any CPU
		{16087C15-F0BC-42C9-8622-AD7605AAA006}.Release|x86.Build.0 = Release|Any CPU
		{AFFBCC40-A96C-491A-A7A4-53E00E10C358}.Debug|Any CPU.ActiveCfg = Debug|Any CPU
		{AFFBCC40-A96C-491A-A7A4-53E00E10C358}.Debug|Any CPU.Build.0 = Debug|Any CPU
		{AFFBCC40-A96C-491A-A7A4-53E00E10C358}.Debug|x64.ActiveCfg = Debug|Any CPU
		{AFFBCC40-A96C-491A-A7A4-53E00E10C358}.Debug|x64.Build.0 = Debug|Any CPU
		{AFFBCC40-A96C-491A-A7A4-53E00E10C358}.Debug|x86.ActiveCfg = Debug|Any CPU
		{AFFBCC40-A96C-491A-A7A4-53E00E10C358}.Debug|x86.Build.0 = Debug|Any CPU
		{AFFBCC40-A96C-491A-A7A4-53E00E10C358}.Release|Any CPU.ActiveCfg = Release|Any CPU
		{AFFBCC40-A96C-491A-A7A4-53E00E10C358}.Release|Any CPU.Build.0 = Release|Any CPU
		{AFFBCC40-A96C-491A-A7A4-53E00E10C358}.Release|x64.ActiveCfg = Release|Any CPU
		{AFFBCC40-A96C-491A-A7A4-53E00E10C358}.Release|x64.Build.0 = Release|Any CPU
		{AFFBCC40-A96C-491A-A7A4-53E00E10C358}.Release|x86.ActiveCfg = Release|Any CPU
		{AFFBCC40-A96C-491A-A7A4-53E00E10C358}.Release|x86.Build.0 = Release|Any CPU
	EndGlobalSection
	GlobalSection(SolutionProperties) = preSolution
		HideSolutionNode = FALSE
	EndGlobalSection
	GlobalSection(ExtensibilityGlobals) = postSolution
		SolutionGuid = {FC760FAE-B1B0-42FF-8778-6E204F69A5EF}
	EndGlobalSection
EndGlobal
